
Microsoft Visual Studio Solution File, Format Version 12.00
# Visual Studio Version 17
VisualStudioVersion = 17.1.32414.318
MinimumVisualStudioVersion = 10.0.40219.1
Project("{FAE04EC0-301F-11D3-BF4B-00C04F79EFBC}") = "rr", "rr\rr.csproj", "{DE4DC5F4-5FB6-44AE-AB18-02E3437B58CC}"
EndProject
Global
	GlobalSection(SolutionConfigurationPlatforms) = preSolution
		Debug|Any CPU = Debug|Any CPU
		Release|Any CPU = Release|Any CPU
	EndGlobalSection
	GlobalSection(ProjectConfigurationPlatforms) = postSolution
		{DE4DC5F4-5FB6-44AE-AB18-02E3437B58CC}.Debug|Any CPU.ActiveCfg = Debug|Any CPU
		{DE4DC5F4-5FB6-44AE-AB18-02E3437B58CC}.Debug|Any CPU.Build.0 = Debug|Any CPU
		{DE4DC5F4-5FB6-44AE-AB18-02E3437B58CC}.Release|Any CPU.ActiveCfg = Release|Any CPU
		{DE4DC5F4-5FB6-44AE-AB18-02E3437B58CC}.Release|Any CPU.Build.0 = Release|Any CPU
	EndGlobalSection
	GlobalSection(SolutionProperties) = preSolution
		HideSolutionNode = FALSE
	EndGlobalSection
	GlobalSection(ExtensibilityGlobals) = postSolution
		SolutionGuid = {E3BEC2C1-43C8-4D20-9857-8BA4B2F26235}
	EndGlobalSection
EndGlobal
